schema: '2.0'
stages:
  data_ingestion:
    cmd: /opt/miniconda3/envs/jup_env/bin/python src/data/data_ingestion.py
    deps:
    - path: src/data/data_ingestion.py
      hash: md5
      md5: 9f31eaf125f87d87b73a0d8f996d71e2
      size: 858
    outs:
    - path: data/processed
      hash: md5
      md5: dbdf07bbf393cefd4d0e3ecf5c452708.dir
      size: 817597
      nfiles: 2
